
Microsoft Visual Studio Solution File, Format Version 12.00
# Visual Studio Version 17
VisualStudioVersion = 17.0.31903.59
MinimumVisualStudioVersion = 10.0.40219.1
Project("{2150E333-8FDC-42A3-9474-1A3956D46DE8}") = "src", "src", "{827E0CD3-B72D-47B6-A68D-7590B98EB39B}"
EndProject
Project("{FAE04EC0-301F-11D3-BF4B-00C04F79EFBC}") = "OnlineShop.Web.UI", "src\OnlineShop.Web.UI\OnlineShop.Web.UI.csproj", "{2E804977-EE53-4D49-8884-41BA2303C3C9}"
EndProject
Project("{FAE04EC0-301F-11D3-BF4B-00C04F79EFBC}") = "OnlineShop.Data", "src\OnlineShop.Data\OnlineShop.Data.csproj", "{CBBF05B7-5725-451C-901B-1C2044EF6574}"
EndProject
Project("{FAE04EC0-301F-11D3-BF4B-00C04F79EFBC}") = "OnlineShop.ProductAPI", "src\OnlineShop.ProductAPI\OnlineShop.ProductAPI.csproj", "{650387DF-EBC9-4CFB-ACF5-B80947CF7A49}"
EndProject
Project("{FAE04EC0-301F-11D3-BF4B-00C04F79EFBC}") = "OnlineShop.DTO", "src\OnlineShop.DTO\OnlineShop.DTO.csproj", "{67213D0D-D14B-4F00-BC2D-F97AC2C2E922}"
EndProject
Global
	GlobalSection(SolutionConfigurationPlatforms) = preSolution
		Debug|Any CPU = Debug|Any CPU
		Debug|x64 = Debug|x64
		Debug|x86 = Debug|x86
		Release|Any CPU = Release|Any CPU
		Release|x64 = Release|x64
		Release|x86 = Release|x86
	EndGlobalSection
	GlobalSection(ProjectConfigurationPlatforms) = postSolution
		{2E804977-EE53-4D49-8884-41BA2303C3C9}.Debug|Any CPU.ActiveCfg = Debug|Any CPU
		{2E804977-EE53-4D49-8884-41BA2303C3C9}.Debug|Any CPU.Build.0 = Debug|Any CPU
		{2E804977-EE53-4D49-8884-41BA2303C3C9}.Debug|x64.ActiveCfg = Debug|Any CPU
		{2E804977-EE53-4D49-8884-41BA2303C3C9}.Debug|x64.Build.0 = Debug|Any CPU
		{2E804977-EE53-4D49-8884-41BA2303C3C9}.Debug|x86.ActiveCfg = Debug|Any CPU
		{2E804977-EE53-4D49-8884-41BA2303C3C9}.Debug|x86.Build.0 = Debug|Any CPU
		{2E804977-EE53-4D49-8884-41BA2303C3C9}.Release|Any CPU.ActiveCfg = Release|Any CPU
		{2E804977-EE53-4D49-8884-41BA2303C3C9}.Release|Any CPU.Build.0 = Release|Any CPU
		{2E804977-EE53-4D49-8884-41BA2303C3C9}.Release|x64.ActiveCfg = Release|Any CPU
		{2E804977-EE53-4D49-8884-41BA2303C3C9}.Release|x64.Build.0 = Release|Any CPU
		{2E804977-EE53-4D49-8884-41BA2303C3C9}.Release|x86.ActiveCfg = Release|Any CPU
		{2E804977-EE53-4D49-8884-41BA2303C3C9}.Release|x86.Build.0 = Release|Any CPU
		{CBBF05B7-5725-451C-901B-1C2044EF6574}.Debug|Any CPU.ActiveCfg = Debug|Any CPU
		{CBBF05B7-5725-451C-901B-1C2044EF6574}.Debug|Any CPU.Build.0 = Debug|Any CPU
		{CBBF05B7-5725-451C-901B-1C2044EF6574}.Debug|x64.ActiveCfg = Debug|Any CPU
		{CBBF05B7-5725-451C-901B-1C2044EF6574}.Debug|x64.Build.0 = Debug|Any CPU
		{CBBF05B7-5725-451C-901B-1C2044EF6574}.Debug|x86.ActiveCfg = Debug|Any CPU
		{CBBF05B7-5725-451C-901B-1C2044EF6574}.Debug|x86.Build.0 = Debug|Any CPU
		{CBBF05B7-5725-451C-901B-1C2044EF6574}.Release|Any CPU.ActiveCfg = Release|Any CPU
		{CBBF05B7-5725-451C-901B-1C2044EF6574}.Release|Any CPU.Build.0 = Release|Any CPU
		{CBBF05B7-5725-451C-901B-1C2044EF6574}.Release|x64.ActiveCfg = Release|Any CPU
		{CBBF05B7-5725-451C-901B-1C2044EF6574}.Release|x64.Build.0 = Release|Any CPU
		{CBBF05B7-5725-451C-901B-1C2044EF6574}.Release|x86.ActiveCfg = Release|Any CPU
		{CBBF05B7-5725-451C-901B-1C2044EF6574}.Release|x86.Build.0 = Release|Any CPU
		{650387DF-EBC9-4CFB-ACF5-B80947CF7A49}.Debug|Any CPU.ActiveCfg = Debug|Any CPU
		{650387DF-EBC9-4CFB-ACF5-B80947CF7A49}.Debug|Any CPU.Build.0 = Debug|Any CPU
		{650387DF-EBC9-4CFB-ACF5-B80947CF7A49}.Debug|x64.ActiveCfg = Debug|Any CPU
		{650387DF-EBC9-4CFB-ACF5-B80947CF7A49}.Debug|x64.Build.0 = Debug|Any CPU
		{650387DF-EBC9-4CFB-ACF5-B80947CF7A49}.Debug|x86.ActiveCfg = Debug|Any CPU
		{650387DF-EBC9-4CFB-ACF5-B80947CF7A49}.Debug|x86.Build.0 = Debug|Any CPU
		{650387DF-EBC9-4CFB-ACF5-B80947CF7A49}.Release|Any CPU.ActiveCfg = Release|Any CPU
		{650387DF-EBC9-4CFB-ACF5-B80947CF7A49}.Release|Any CPU.Build.0 = Release|Any CPU
		{650387DF-EBC9-4CFB-ACF5-B80947CF7A49}.Release|x64.ActiveCfg = Release|Any CPU
		{650387DF-EBC9-4CFB-ACF5-B80947CF7A49}.Release|x64.Build.0 = Release|Any CPU
		{650387DF-EBC9-4CFB-ACF5-B80947CF7A49}.Release|x86.ActiveCfg = Release|Any CPU
		{650387DF-EBC9-4CFB-ACF5-B80947CF7A49}.Release|x86.Build.0 = Release|Any CPU
		{67213D0D-D14B-4F00-BC2D-F97AC2C2E922}.Debug|Any CPU.ActiveCfg = Debug|Any CPU
		{67213D0D-D14B-4F00-BC2D-F97AC2C2E922}.Debug|Any CPU.Build.0 = Debug|Any CPU
		{67213D0D-D14B-4F00-BC2D-F97AC2C2E922}.Debug|x64.ActiveCfg = Debug|Any CPU
		{67213D0D-D14B-4F00-BC2D-F97AC2C2E922}.Debug|x64.Build.0 = Debug|Any CPU
		{67213D0D-D14B-4F00-BC2D-F97AC2C2E922}.Debug|x86.ActiveCfg = Debug|Any CPU
		{67213D0D-D14B-4F00-BC2D-F97AC2C2E922}.Debug|x86.Build.0 = Debug|Any CPU
		{67213D0D-D14B-4F00-BC2D-F97AC2C2E922}.Release|Any CPU.ActiveCfg = Release|Any CPU
		{67213D0D-D14B-4F00-BC2D-F97AC2C2E922}.Release|Any CPU.Build.0 = Release|Any CPU
		{67213D0D-D14B-4F00-BC2D-F97AC2C2E922}.Release|x64.ActiveCfg = Release|Any CPU
		{67213D0D-D14B-4F00-BC2D-F97AC2C2E922}.Release|x64.Build.0 = Release|Any CPU
		{67213D0D-D14B-4F00-BC2D-F97AC2C2E922}.Release|x86.ActiveCfg = Release|Any CPU
		{67213D0D-D14B-4F00-BC2D-F97AC2C2E922}.Release|x86.Build.0 = Release|Any CPU
	EndGlobalSection
	GlobalSection(SolutionProperties) = preSolution
		HideSolutionNode = FALSE
	EndGlobalSection
	GlobalSection(NestedProjects) = preSolution
		{2E804977-EE53-4D49-8884-41BA2303C3C9} = {827E0CD3-B72D-47B6-A68D-7590B98EB39B}
		{CBBF05B7-5725-451C-901B-1C2044EF6574} = {827E0CD3-B72D-47B6-A68D-7590B98EB39B}
		{650387DF-EBC9-4CFB-ACF5-B80947CF7A49} = {827E0CD3-B72D-47B6-A68D-7590B98EB39B}
		{67213D0D-D14B-4F00-BC2D-F97AC2C2E922} = {827E0CD3-B72D-47B6-A68D-7590B98EB39B}
	EndGlobalSection
EndGlobal
